github.com/ahenzinger/underhood v0.0.0-20230922182337-f053a81c6385 h1:7nf+HKpy56MoKmsCy0qYhCiWEZsRNt0mLJPfadoWd9g=
github.com/ahenzinger/underhood v0.0.0-20230922182337-f053a81c6385/go.mod h1:NEjUXxfqiXkMwVN8elZwQ8fbBf0iwWoOzQhhpeVlSvE=
github.com/henrycg/simplepir v0.0.0-20230920020624-026ee7bd6783 h1:EkkT+ti4GCxPiqntQ9ahXxqXWmggdod6TXgZbxg6X/w=
github.com/henrycg/simplepir v0.0.0-20230920020624-026ee7bd6783/go.mod h1:+RBPn3YQBn+11njj3VA9Zi8dObEK5v+bIP5IujQhu2c=
